
Microsoft Visual Studio Solution File, Format Version 12.00
# Visual Studio Version 17
VisualStudioVersion = 17.9.34607.119
MinimumVisualStudioVersion = 10.0.40219.1
Project("{2150E333-8FDC-42A3-9474-1A3956D46DE8}") = "App", "App", "{F533BA73-E3E9-49B0-9F1A-F67F043693E6}"
EndProject
Project("{FAE04EC0-301F-11D3-BF4B-00C04F79EFBC}") = "UNAM.PrimatesApi", "App\Unam.primatesApi\UNAM.PrimatesApi.csproj", "{3E56F071-2AF8-4329-85A0-340AC078CEA8}"
EndProject
Global
	GlobalSection(SolutionConfigurationPlatforms) = preSolution
		Debug|Any CPU = Debug|Any CPU
		Release|Any CPU = Release|Any CPU
	EndGlobalSection
	GlobalSection(ProjectConfigurationPlatforms) = postSolution
		{3E56F071-2AF8-4329-85A0-340AC078CEA8}.Debug|Any CPU.ActiveCfg = Debug|Any CPU
		{3E56F071-2AF8-4329-85A0-340AC078CEA8}.Debug|Any CPU.Build.0 = Debug|Any CPU
		{3E56F071-2AF8-4329-85A0-340AC078CEA8}.Release|Any CPU.ActiveCfg = Release|Any CPU
		{3E56F071-2AF8-4329-85A0-340AC078CEA8}.Release|Any CPU.Build.0 = Release|Any CPU
	EndGlobalSection
	GlobalSection(SolutionProperties) = preSolution
		HideSolutionNode = FALSE
	EndGlobalSection
	GlobalSection(NestedProjects) = preSolution
		{3E56F071-2AF8-4329-85A0-340AC078CEA8} = {F533BA73-E3E9-49B0-9F1A-F67F043693E6}
	EndGlobalSection
	GlobalSection(ExtensibilityGlobals) = postSolution
		SolutionGuid = {70A1981D-829E-46FB-A2C8-C6053BFC7574}
	EndGlobalSection
EndGlobal
